
Microsoft Visual Studio Solution File, Format Version 12.00
# Visual Studio Version 17
VisualStudioVersion = 17.14.36804.6 d17.14
MinimumVisualStudioVersion = 10.0.40219.1
Project("{FAE04EC0-301F-11D3-BF4B-00C04F79EFBC}") = "ExemploFor2", "ExemploFor2\ExemploFor2.csproj", "{4734B91E-03E7-48AF-9FA4-8FB4ABBC893C}"
EndProject
Global
	GlobalSection(SolutionConfigurationPlatforms) = preSolution
		Debug|Any CPU = Debug|Any CPU
		Release|Any CPU = Release|Any CPU
	EndGlobalSection
	GlobalSection(ProjectConfigurationPlatforms) = postSolution
		{4734B91E-03E7-48AF-9FA4-8FB4ABBC893C}.Debug|Any CPU.ActiveCfg = Debug|Any CPU
		{4734B91E-03E7-48AF-9FA4-8FB4ABBC893C}.Debug|Any CPU.Build.0 = Debug|Any CPU
		{4734B91E-03E7-48AF-9FA4-8FB4ABBC893C}.Release|Any CPU.ActiveCfg = Release|Any CPU
		{4734B91E-03E7-48AF-9FA4-8FB4ABBC893C}.Release|Any CPU.Build.0 = Release|Any CPU
	EndGlobalSection
	GlobalSection(SolutionProperties) = preSolution
		HideSolutionNode = FALSE
	EndGlobalSection
	GlobalSection(ExtensibilityGlobals) = postSolution
		SolutionGuid = {C86E2D37-F4A7-461C-891D-C04CA30A753F}
	EndGlobalSection
EndGlobal
