
Microsoft Visual Studio Solution File, Format Version 12.00
# Visual Studio Version 17
VisualStudioVersion = 17.14.36804.6 d17.14
MinimumVisualStudioVersion = 10.0.40219.1
Project("{FAE04EC0-301F-11D3-BF4B-00C04F79EFBC}") = "whileLista_02", "whileLista_02\whileLista_02.csproj", "{D9EC2007-A9DE-4324-937D-607EC3BEE331}"
EndProject
Global
	GlobalSection(SolutionConfigurationPlatforms) = preSolution
		Debug|Any CPU = Debug|Any CPU
		Release|Any CPU = Release|Any CPU
	EndGlobalSection
	GlobalSection(ProjectConfigurationPlatforms) = postSolution
		{D9EC2007-A9DE-4324-937D-607EC3BEE331}.Debug|Any CPU.ActiveCfg = Debug|Any CPU
		{D9EC2007-A9DE-4324-937D-607EC3BEE331}.Debug|Any CPU.Build.0 = Debug|Any CPU
		{D9EC2007-A9DE-4324-937D-607EC3BEE331}.Release|Any CPU.ActiveCfg = Release|Any CPU
		{D9EC2007-A9DE-4324-937D-607EC3BEE331}.Release|Any CPU.Build.0 = Release|Any CPU
	EndGlobalSection
	GlobalSection(SolutionProperties) = preSolution
		HideSolutionNode = FALSE
	EndGlobalSection
	GlobalSection(ExtensibilityGlobals) = postSolution
		SolutionGuid = {A160EB0F-9E8C-4928-AF2B-1CD05A84BFF2}
	EndGlobalSection
EndGlobal
