
Microsoft Visual Studio Solution File, Format Version 12.00
# Visual Studio Version 17
VisualStudioVersion = 17.14.36804.6 d17.14
MinimumVisualStudioVersion = 10.0.40219.1
Project("{FAE04EC0-301F-11D3-BF4B-00C04F79EFBC}") = "listaWhile_ex01", "listaWhile_ex01\listaWhile_ex01.csproj", "{B9827308-6E1C-468E-937D-345B58E55743}"
EndProject
Global
	GlobalSection(SolutionConfigurationPlatforms) = preSolution
		Debug|Any CPU = Debug|Any CPU
		Release|Any CPU = Release|Any CPU
	EndGlobalSection
	GlobalSection(ProjectConfigurationPlatforms) = postSolution
		{B9827308-6E1C-468E-937D-345B58E55743}.Debug|Any CPU.ActiveCfg = Debug|Any CPU
		{B9827308-6E1C-468E-937D-345B58E55743}.Debug|Any CPU.Build.0 = Debug|Any CPU
		{B9827308-6E1C-468E-937D-345B58E55743}.Release|Any CPU.ActiveCfg = Release|Any CPU
		{B9827308-6E1C-468E-937D-345B58E55743}.Release|Any CPU.Build.0 = Release|Any CPU
	EndGlobalSection
	GlobalSection(SolutionProperties) = preSolution
		HideSolutionNode = FALSE
	EndGlobalSection
	GlobalSection(ExtensibilityGlobals) = postSolution
		SolutionGuid = {238FEC43-8F70-4572-9385-111CA12D9704}
	EndGlobalSection
EndGlobal
