
Microsoft Visual Studio Solution File, Format Version 12.00
# Visual Studio Version 17
VisualStudioVersion = 17.14.36804.6 d17.14
MinimumVisualStudioVersion = 10.0.40219.1
Project("{FAE04EC0-301F-11D3-BF4B-00C04F79EFBC}") = "ConsoleApp1", "ConsoleApp1\ConsoleApp1.csproj", "{2229C3FB-95F9-4955-8C0D-AD5D5C945710}"
EndProject
Global
	GlobalSection(SolutionConfigurationPlatforms) = preSolution
		Debug|Any CPU = Debug|Any CPU
		Release|Any CPU = Release|Any CPU
	EndGlobalSection
	GlobalSection(ProjectConfigurationPlatforms) = postSolution
		{2229C3FB-95F9-4955-8C0D-AD5D5C945710}.Debug|Any CPU.ActiveCfg = Debug|Any CPU
		{2229C3FB-95F9-4955-8C0D-AD5D5C945710}.Debug|Any CPU.Build.0 = Debug|Any CPU
		{2229C3FB-95F9-4955-8C0D-AD5D5C945710}.Release|Any CPU.ActiveCfg = Release|Any CPU
		{2229C3FB-95F9-4955-8C0D-AD5D5C945710}.Release|Any CPU.Build.0 = Release|Any CPU
	EndGlobalSection
	GlobalSection(SolutionProperties) = preSolution
		HideSolutionNode = FALSE
	EndGlobalSection
	GlobalSection(ExtensibilityGlobals) = postSolution
		SolutionGuid = {36016A8F-8C87-4AAB-A079-2CA6A621C3E6}
	EndGlobalSection
EndGlobal
