
Microsoft Visual Studio Solution File, Format Version 12.00
# Visual Studio Version 17
VisualStudioVersion = 17.14.36804.6 d17.14
MinimumVisualStudioVersion = 10.0.40219.1
Project("{FAE04EC0-301F-11D3-BF4B-00C04F79EFBC}") = "whileLista-02", "whileLista-02\whileLista-02.csproj", "{4F5C29F4-D901-4BAC-AC12-61B89F49CA9A}"
EndProject
Global
	GlobalSection(SolutionConfigurationPlatforms) = preSolution
		Debug|Any CPU = Debug|Any CPU
		Release|Any CPU = Release|Any CPU
	EndGlobalSection
	GlobalSection(ProjectConfigurationPlatforms) = postSolution
		{4F5C29F4-D901-4BAC-AC12-61B89F49CA9A}.Debug|Any CPU.ActiveCfg = Debug|Any CPU
		{4F5C29F4-D901-4BAC-AC12-61B89F49CA9A}.Debug|Any CPU.Build.0 = Debug|Any CPU
		{4F5C29F4-D901-4BAC-AC12-61B89F49CA9A}.Release|Any CPU.ActiveCfg = Release|Any CPU
		{4F5C29F4-D901-4BAC-AC12-61B89F49CA9A}.Release|Any CPU.Build.0 = Release|Any CPU
	EndGlobalSection
	GlobalSection(SolutionProperties) = preSolution
		HideSolutionNode = FALSE
	EndGlobalSection
	GlobalSection(ExtensibilityGlobals) = postSolution
		SolutionGuid = {92483143-55D9-403E-944E-0E8846A1DC98}
	EndGlobalSection
EndGlobal
