
Microsoft Visual Studio Solution File, Format Version 12.00
# Visual Studio Version 17
VisualStudioVersion = 17.14.36804.6 d17.14
MinimumVisualStudioVersion = 10.0.40219.1
Project("{FAE04EC0-301F-11D3-BF4B-00C04F79EFBC}") = "ListaExerciciosFor_01", "ListaExerciciosFor_01\ListaExerciciosFor_01.csproj", "{40EA6960-9EEE-4B37-8022-3E89BB2C0871}"
EndProject
Global
	GlobalSection(SolutionConfigurationPlatforms) = preSolution
		Debug|Any CPU = Debug|Any CPU
		Release|Any CPU = Release|Any CPU
	EndGlobalSection
	GlobalSection(ProjectConfigurationPlatforms) = postSolution
		{40EA6960-9EEE-4B37-8022-3E89BB2C0871}.Debug|Any CPU.ActiveCfg = Debug|Any CPU
		{40EA6960-9EEE-4B37-8022-3E89BB2C0871}.Debug|Any CPU.Build.0 = Debug|Any CPU
		{40EA6960-9EEE-4B37-8022-3E89BB2C0871}.Release|Any CPU.ActiveCfg = Release|Any CPU
		{40EA6960-9EEE-4B37-8022-3E89BB2C0871}.Release|Any CPU.Build.0 = Release|Any CPU
	EndGlobalSection
	GlobalSection(SolutionProperties) = preSolution
		HideSolutionNode = FALSE
	EndGlobalSection
	GlobalSection(ExtensibilityGlobals) = postSolution
		SolutionGuid = {98BA9608-AE91-468A-957D-9989D34D0901}
	EndGlobalSection
EndGlobal
